{
  "name": "node-son",
  "version": "1.0.0",
  "lockfileVersion": 2,
  "requires": true,
  "packages": {
    "": {
      "name": "node-son",
      "version": "1.0.0",
      "license": "ISC",
      "devDependencies": {
        "console-log-hello-world": "^1.0.3"
      }
    },
    "node_modules/console-log-hello-world": {
      "version": "1.0.3",
      "resolved": "https://registry.npmjs.org/console-log-hello-world/-/console-log-hello-world-1.0.3.tgz",
      "integrity": "sha1-zqeqbCjxe+fwtTWFBVAKPR/oNGc=",
      "dev": true
    }
  },
  "dependencies": {
    "console-log-hello-world": {
      "version": "1.0.3",
      "resolved": "https://registry.npmjs.org/console-log-hello-world/-/console-log-hello-world-1.0.3.tgz",
      "integrity": "sha1-zqeqbCjxe+fwtTWFBVAKPR/oNGc=",
      "dev": true
    }
  }
}
